
Microsoft Visual Studio Solution File, Format Version 12.00
# Visual Studio 15
VisualStudioVersion = 15.0.28307.438
MinimumVisualStudioVersion = 10.0.40219.1
Project("{FAE04EC0-301F-11D3-BF4B-00C04F79EFBC}") = "App_Consulta_CEP.Android", "App_Consulta_CEP\App_Consulta_CEP.Android\App_Consulta_CEP.Android.csproj", "{0B0F1727-6172-4666-B5A7-8DC1F967C897}"
EndProject
Project("{FAE04EC0-301F-11D3-BF4B-00C04F79EFBC}") = "App_Consulta_CEP.iOS", "App_Consulta_CEP\App_Consulta_CEP.iOS\App_Consulta_CEP.iOS.csproj", "{50F384AB-EB1F-4BA6-AA81-D1CA56B9C918}"
EndProject
Project("{FAE04EC0-301F-11D3-BF4B-00C04F79EFBC}") = "App_Consulta_CEP.UWP", "App_Consulta_CEP\App_Consulta_CEP.UWP\App_Consulta_CEP.UWP.csproj", "{6239CA70-1F20-42B8-8C0E-F1ED0D4BC8B6}"
EndProject
Project("{FAE04EC0-301F-11D3-BF4B-00C04F79EFBC}") = "App_Consulta_CEP", "App_Consulta_CEP\App_Consulta_CEP\App_Consulta_CEP.csproj", "{A7595520-03EC-494C-881E-6D3E6AF22A62}"
EndProject
Global
	GlobalSection(SolutionConfigurationPlatforms) = preSolution
		Ad-Hoc|Any CPU = Ad-Hoc|Any CPU
		Ad-Hoc|ARM = Ad-Hoc|ARM
		Ad-Hoc|iPhone = Ad-Hoc|iPhone
		Ad-Hoc|iPhoneSimulator = Ad-Hoc|iPhoneSimulator
		Ad-Hoc|x64 = Ad-Hoc|x64
		Ad-Hoc|x86 = Ad-Hoc|x86
		AppStore|Any CPU = AppStore|Any CPU
		AppStore|ARM = AppStore|ARM
		AppStore|iPhone = AppStore|iPhone
		AppStore|iPhoneSimulator = AppStore|iPhoneSimulator
		AppStore|x64 = AppStore|x64
		AppStore|x86 = AppStore|x86
		Debug|Any CPU = Debug|Any CPU
		Debug|ARM = Debug|ARM
		Debug|iPhone = Debug|iPhone
		Debug|iPhoneSimulator = Debug|iPhoneSimulator
		Debug|x64 = Debug|x64
		Debug|x86 = Debug|x86
		Release|Any CPU = Release|Any CPU
		Release|ARM = Release|ARM
		Release|iPhone = Release|iPhone
		Release|iPhoneSimulator = Release|iPhoneSimulator
		Release|x64 = Release|x64
		Release|x86 = Release|x86
	EndGlobalSection
	GlobalSection(ProjectConfigurationPlatforms) = postSolution
		{0B0F1727-6172-4666-B5A7-8DC1F967C897}.Ad-Hoc|Any CPU.ActiveCfg = Release|Any CPU
		{0B0F1727-6172-4666-B5A7-8DC1F967C897}.Ad-Hoc|Any CPU.Build.0 = Release|Any CPU
		{0B0F1727-6172-4666-B5A7-8DC1F967C897}.Ad-Hoc|Any CPU.Deploy.0 = Release|Any CPU
		{0B0F1727-6172-4666-B5A7-8DC1F967C897}.Ad-Hoc|ARM.ActiveCfg = Release|Any CPU
		{0B0F1727-6172-4666-B5A7-8DC1F967C897}.Ad-Hoc|ARM.Build.0 = Release|Any CPU
		{0B0F1727-6172-4666-B5A7-8DC1F967C897}.Ad-Hoc|ARM.Deploy.0 = Release|Any CPU
		{0B0F1727-6172-4666-B5A7-8DC1F967C897}.Ad-Hoc|iPhone.ActiveCfg = Release|Any CPU
		{0B0F1727-6172-4666-B5A7-8DC1F967C897}.Ad-Hoc|iPhone.Build.0 = Release|Any CPU
		{0B0F1727-6172-4666-B5A7-8DC1F967C897}.Ad-Hoc|iPhone.Deploy.0 = Release|Any CPU
		{0B0F1727-6172-4666-B5A7-8DC1F967C897}.Ad-Hoc|iPhoneSimulator.ActiveCfg = Release|Any CPU
		{0B0F1727-6172-4666-B5A7-8DC1F967C897}.Ad-Hoc|iPhoneSimulator.Build.0 = Release|Any CPU
		{0B0F1727-6172-4666-B5A7-8DC1F967C897}.Ad-Hoc|iPhoneSimulator.Deploy.0 = Release|Any CPU
		{0B0F1727-6172-4666-B5A7-8DC1F967C897}.Ad-Hoc|x64.ActiveCfg = Release|Any CPU
		{0B0F1727-6172-4666-B5A7-8DC1F967C897}.Ad-Hoc|x64.Build.0 = Release|Any CPU
		{0B0F1727-6172-4666-B5A7-8DC1F967C897}.Ad-Hoc|x64.Deploy.0 = Release|Any CPU
		{0B0F1727-6172-4666-B5A7-8DC1F967C897}.Ad-Hoc|x86.ActiveCfg = Release|Any CPU
		{0B0F1727-6172-4666-B5A7-8DC1F967C897}.Ad-Hoc|x86.Build.0 = Release|Any CPU
		{0B0F1727-6172-4666-B5A7-8DC1F967C897}.Ad-Hoc|x86.Deploy.0 = Release|Any CPU
		{0B0F1727-6172-4666-B5A7-8DC1F967C897}.AppStore|Any CPU.ActiveCfg = Release|Any CPU
		{0B0F1727-6172-4666-B5A7-8DC1F967C897}.AppStore|Any CPU.Build.0 = Release|Any CPU
		{0B0F1727-6172-4666-B5A7-8DC1F967C897}.AppStore|Any CPU.Deploy.0 = Release|Any CPU
		{0B0F1727-6172-4666-B5A7-8DC1F967C897}.AppStore|ARM.ActiveCfg = Release|Any CPU
		{0B0F1727-6172-4666-B5A7-8DC1F967C897}.AppStore|ARM.Build.0 = Release|Any CPU
		{0B0F1727-6172-4666-B5A7-8DC1F967C897}.AppStore|ARM.Deploy.0 = Release|Any CPU
		{0B0F1727-6172-4666-B5A7-8DC1F967C897}.AppStore|iPhone.ActiveCfg = Release|Any CPU
		{0B0F1727-6172-4666-B5A7-8DC1F967C897}.AppStore|iPhone.Build.0 = Release|Any CPU
		{0B0F1727-6172-4666-B5A7-8DC1F967C897}.AppStore|iPhone.Deploy.0 = Release|Any CPU
		{0B0F1727-6172-4666-B5A7-8DC1F967C897}.AppStore|iPhoneSimulator.ActiveCfg = Release|Any CPU
		{0B0F1727-6172-4666-B5A7-8DC1F967C897}.AppStore|iPhoneSimulator.Build.0 = Release|Any CPU
		{0B0F1727-6172-4666-B5A7-8DC1F967C897}.AppStore|iPhoneSimulator.Deploy.0 = Release|Any CPU
		{0B0F1727-6172-4666-B5A7-8DC1F967C897}.AppStore|x64.ActiveCfg = Release|Any CPU
		{0B0F1727-6172-4666-B5A7-8DC1F967C897}.AppStore|x64.Build.0 = Release|Any CPU
		{0B0F1727-6172-4666-B5A7-8DC1F967C897}.AppStore|x64.Deploy.0 = Release|Any CPU
		{0B0F1727-6172-4666-B5A7-8DC1F967C897}.AppStore|x86.ActiveCfg = Release|Any CPU
		{0B0F1727-6172-4666-B5A7-8DC1F967C897}.AppStore|x86.Build.0 = Release|Any CPU
		{0B0F1727-6172-4666-B5A7-8DC1F967C897}.AppStore|x86.Deploy.0 = Release|Any CPU
		{0B0F1727-6172-4666-B5A7-8DC1F967C897}.Debug|Any CPU.ActiveCfg = Debug|Any CPU
		{0B0F1727-6172-4666-B5A7-8DC1F967C897}.Debug|Any CPU.Build.0 = Debug|Any CPU
		{0B0F1727-6172-4666-B5A7-8DC1F967C897}.Debug|Any CPU.Deploy.0 = Debug|Any CPU
		{0B0F1727-6172-4666-B5A7-8DC1F967C897}.Debug|ARM.ActiveCfg = Debug|Any CPU
		{0B0F1727-6172-4666-B5A7-8DC1F967C897}.Debug|ARM.Build.0 = Debug|Any CPU
		{0B0F1727-6172-4666-B5A7-8DC1F967C897}.Debug|ARM.Deploy.0 = Debug|Any CPU
		{0B0F1727-6172-4666-B5A7-8DC1F967C897}.Debug|iPhone.ActiveCfg = Debug|Any CPU
		{0B0F1727-6172-4666-B5A7-8DC1F967C897}.Debug|iPhone.Build.0 = Debug|Any CPU
		{0B0F1727-6172-4666-B5A7-8DC1F967C897}.Debug|iPhone.Deploy.0 = Debug|Any CPU
		{0B0F1727-6172-4666-B5A7-8DC1F967C897}.Debug|iPhoneSimulator.ActiveCfg = Debug|Any CPU
		{0B0F1727-6172-4666-B5A7-8DC1F967C897}.Debug|iPhoneSimulator.Build.0 = Debug|Any CPU
		{0B0F1727-6172-4666-B5A7-8DC1F967C897}.Debug|iPhoneSimulator.Deploy.0 = Debug|Any CPU
		{0B0F1727-6172-4666-B5A7-8DC1F967C897}.Debug|x64.ActiveCfg = Debug|Any CPU
		{0B0F1727-6172-4666-B5A7-8DC1F967C897}.Debug|x64.Build.0 = Debug|Any CPU
		{0B0F1727-6172-4666-B5A7-8DC1F967C897}.Debug|x64.Deploy.0 = Debug|Any CPU
		{0B0F1727-6172-4666-B5A7-8DC1F967C897}.Debug|x86.ActiveCfg = Debug|Any CPU
		{0B0F1727-6172-4666-B5A7-8DC1F967C897}.Debug|x86.Build.0 = Debug|Any CPU
		{0B0F1727-6172-4666-B5A7-8DC1F967C897}.Debug|x86.Deploy.0 = Debug|Any CPU
		{0B0F1727-6172-4666-B5A7-8DC1F967C897}.Release|Any CPU.ActiveCfg = Release|Any CPU
		{0B0F1727-6172-4666-B5A7-8DC1F967C897}.Release|Any CPU.Build.0 = Release|Any CPU
		{0B0F1727-6172-4666-B5A7-8DC1F967C897}.Release|Any CPU.Deploy.0 = Release|Any CPU
		{0B0F1727-6172-4666-B5A7-8DC1F967C897}.Release|ARM.ActiveCfg = Release|Any CPU
		{0B0F1727-6172-4666-B5A7-8DC1F967C897}.Release|ARM.Build.0 = Release|Any CPU
		{0B0F1727-6172-4666-B5A7-8DC1F967C897}.Release|ARM.Deploy.0 = Release|Any CPU
		{0B0F1727-6172-4666-B5A7-8DC1F967C897}.Release|iPhone.ActiveCfg = Release|Any CPU
		{0B0F1727-6172-4666-B5A7-8DC1F967C897}.Release|iPhone.Build.0 = Release|Any CPU
		{0B0F1727-6172-4666-B5A7-8DC1F967C897}.Release|iPhone.Deploy.0 = Release|Any CPU
		{0B0F1727-6172-4666-B5A7-8DC1F967C897}.Release|iPhoneSimulator.ActiveCfg = Release|Any CPU
		{0B0F1727-6172-4666-B5A7-8DC1F967C897}.Release|iPhoneSimulator.Build.0 = Release|Any CPU
		{0B0F1727-6172-4666-B5A7-8DC1F967C897}.Release|iPhoneSimulator.Deploy.0 = Release|Any CPU
		{0B0F1727-6172-4666-B5A7-8DC1F967C897}.Release|x64.ActiveCfg = Release|Any CPU
		{0B0F1727-6172-4666-B5A7-8DC1F967C897}.Release|x64.Build.0 = Release|Any CPU
		{0B0F1727-6172-4666-B5A7-8DC1F967C897}.Release|x64.Deploy.0 = Release|Any CPU
		{0B0F1727-6172-4666-B5A7-8DC1F967C897}.Release|x86.ActiveCfg = Release|Any CPU
		{0B0F1727-6172-4666-B5A7-8DC1F967C897}.Release|x86.Build.0 = Release|Any CPU
		{0B0F1727-6172-4666-B5A7-8DC1F967C897}.Release|x86.Deploy.0 = Release|Any CPU
		{50F384AB-EB1F-4BA6-AA81-D1CA56B9C918}.Ad-Hoc|Any CPU.ActiveCfg = Ad-Hoc|iPhone
		{50F384AB-EB1F-4BA6-AA81-D1CA56B9C918}.Ad-Hoc|Any CPU.Build.0 = Ad-Hoc|iPhone
		{50F384AB-EB1F-4BA6-AA81-D1CA56B9C918}.Ad-Hoc|Any CPU.Deploy.0 = Ad-Hoc|iPhone
		{50F384AB-EB1F-4BA6-AA81-D1CA56B9C918}.Ad-Hoc|ARM.ActiveCfg = Ad-Hoc|iPhone
		{50F384AB-EB1F-4BA6-AA81-D1CA56B9C918}.Ad-Hoc|ARM.Build.0 = Ad-Hoc|iPhone
		{50F384AB-EB1F-4BA6-AA81-D1CA56B9C918}.Ad-Hoc|ARM.Deploy.0 = Ad-Hoc|iPhone
		{50F384AB-EB1F-4BA6-AA81-D1CA56B9C918}.Ad-Hoc|iPhone.ActiveCfg = Ad-Hoc|iPhone
		{50F384AB-EB1F-4BA6-AA81-D1CA56B9C918}.Ad-Hoc|iPhone.Build.0 = Ad-Hoc|iPhone
		{50F384AB-EB1F-4BA6-AA81-D1CA56B9C918}.Ad-Hoc|iPhone.Deploy.0 = Ad-Hoc|iPhone
		{50F384AB-EB1F-4BA6-AA81-D1CA56B9C918}.Ad-Hoc|iPhoneSimulator.ActiveCfg = Ad-Hoc|iPhoneSimulator
		{50F384AB-EB1F-4BA6-AA81-D1CA56B9C918}.Ad-Hoc|iPhoneSimulator.Build.0 = Ad-Hoc|iPhoneSimulator
		{50F384AB-EB1F-4BA6-AA81-D1CA56B9C918}.Ad-Hoc|iPhoneSimulator.Deploy.0 = Ad-Hoc|iPhoneSimulator
		{50F384AB-EB1F-4BA6-AA81-D1CA56B9C918}.Ad-Hoc|x64.ActiveCfg = Ad-Hoc|iPhone
		{50F384AB-EB1F-4BA6-AA81-D1CA56B9C918}.Ad-Hoc|x64.Build.0 = Ad-Hoc|iPhone
		{50F384AB-EB1F-4BA6-AA81-D1CA56B9C918}.Ad-Hoc|x64.Deploy.0 = Ad-Hoc|iPhone
		{50F384AB-EB1F-4BA6-AA81-D1CA56B9C918}.Ad-Hoc|x86.ActiveCfg = Ad-Hoc|iPhone
		{50F384AB-EB1F-4BA6-AA81-D1CA56B9C918}.Ad-Hoc|x86.Build.0 = Ad-Hoc|iPhone
		{50F384AB-EB1F-4BA6-AA81-D1CA56B9C918}.Ad-Hoc|x86.Deploy.0 = Ad-Hoc|iPhone
		{50F384AB-EB1F-4BA6-AA81-D1CA56B9C918}.AppStore|Any CPU.ActiveCfg = AppStore|iPhone
		{50F384AB-EB1F-4BA6-AA81-D1CA56B9C918}.AppStore|Any CPU.Build.0 = AppStore|iPhone
		{50F384AB-EB1F-4BA6-AA81-D1CA56B9C918}.AppStore|Any CPU.Deploy.0 = AppStore|iPhone
		{50F384AB-EB1F-4BA6-AA81-D1CA56B9C918}.AppStore|ARM.ActiveCfg = AppStore|iPhone
		{50F384AB-EB1F-4BA6-AA81-D1CA56B9C918}.AppStore|ARM.Build.0 = AppStore|iPhone
		{50F384AB-EB1F-4BA6-AA81-D1CA56B9C918}.AppStore|ARM.Deploy.0 = AppStore|iPhone
		{50F384AB-EB1F-4BA6-AA81-D1CA56B9C918}.AppStore|iPhone.ActiveCfg = AppStore|iPhone
		{50F384AB-EB1F-4BA6-AA81-D1CA56B9C918}.AppStore|iPhone.Build.0 = AppStore|iPhone
		{50F384AB-EB1F-4BA6-AA81-D1CA56B9C918}.AppStore|iPhone.Deploy.0 = AppStore|iPhone
		{50F384AB-EB1F-4BA6-AA81-D1CA56B9C918}.AppStore|iPhoneSimulator.ActiveCfg = AppStore|iPhoneSimulator
		{50F384AB-EB1F-4BA6-AA81-D1CA56B9C918}.AppStore|iPhoneSimulator.Build.0 = AppStore|iPhoneSimulator
		{50F384AB-EB1F-4BA6-AA81-D1CA56B9C918}.AppStore|iPhoneSimulator.Deploy.0 = AppStore|iPhoneSimulator
		{50F384AB-EB1F-4BA6-AA81-D1CA56B9C918}.AppStore|x64.ActiveCfg = AppStore|iPhone
		{50F384AB-EB1F-4BA6-AA81-D1CA56B9C918}.AppStore|x64.Build.0 = AppStore|iPhone
		{50F384AB-EB1F-4BA6-AA81-D1CA56B9C918}.AppStore|x64.Deploy.0 = AppStore|iPhone
		{50F384AB-EB1F-4BA6-AA81-D1CA56B9C918}.AppStore|x86.ActiveCfg = AppStore|iPhone
		{50F384AB-EB1F-4BA6-AA81-D1CA56B9C918}.AppStore|x86.Build.0 = AppStore|iPhone
		{50F384AB-EB1F-4BA6-AA81-D1CA56B9C918}.AppStore|x86.Deploy.0 = AppStore|iPhone
		{50F384AB-EB1F-4BA6-AA81-D1CA56B9C918}.Debug|Any CPU.ActiveCfg = Debug|iPhoneSimulator
		{50F384AB-EB1F-4BA6-AA81-D1CA56B9C918}.Debug|Any CPU.Build.0 = Debug|iPhoneSimulator
		{50F384AB-EB1F-4BA6-AA81-D1CA56B9C918}.Debug|Any CPU.Deploy.0 = Debug|iPhoneSimulator
		{50F384AB-EB1F-4BA6-AA81-D1CA56B9C918}.Debug|ARM.ActiveCfg = Debug|iPhone
		{50F384AB-EB1F-4BA6-AA81-D1CA56B9C918}.Debug|ARM.Build.0 = Debug|iPhone
		{50F384AB-EB1F-4BA6-AA81-D1CA56B9C918}.Debug|ARM.Deploy.0 = Debug|iPhone
		{50F384AB-EB1F-4BA6-AA81-D1CA56B9C918}.Debug|iPhone.ActiveCfg = Debug|iPhone
		{50F384AB-EB1F-4BA6-AA81-D1CA56B9C918}.Debug|iPhone.Build.0 = Debug|iPhone
		{50F384AB-EB1F-4BA6-AA81-D1CA56B9C918}.Debug|iPhone.Deploy.0 = Debug|iPhone
		{50F384AB-EB1F-4BA6-AA81-D1CA56B9C918}.Debug|iPhoneSimulator.ActiveCfg = Debug|iPhoneSimulator
		{50F384AB-EB1F-4BA6-AA81-D1CA56B9C918}.Debug|iPhoneSimulator.Build.0 = Debug|iPhoneSimulator
		{50F384AB-EB1F-4BA6-AA81-D1CA56B9C918}.Debug|iPhoneSimulator.Deploy.0 = Debug|iPhoneSimulator
		{50F384AB-EB1F-4BA6-AA81-D1CA56B9C918}.Debug|x64.ActiveCfg = Debug|iPhone
		{50F384AB-EB1F-4BA6-AA81-D1CA56B9C918}.Debug|x64.Build.0 = Debug|iPhone
		{50F384AB-EB1F-4BA6-AA81-D1CA56B9C918}.Debug|x64.Deploy.0 = Debug|iPhone
		{50F384AB-EB1F-4BA6-AA81-D1CA56B9C918}.Debug|x86.ActiveCfg = Debug|iPhone
		{50F384AB-EB1F-4BA6-AA81-D1CA56B9C918}.Debug|x86.Build.0 = Debug|iPhone
		{50F384AB-EB1F-4BA6-AA81-D1CA56B9C918}.Debug|x86.Deploy.0 = Debug|iPhone
		{50F384AB-EB1F-4BA6-AA81-D1CA56B9C918}.Release|Any CPU.ActiveCfg = Release|iPhone
		{50F384AB-EB1F-4BA6-AA81-D1CA56B9C918}.Release|Any CPU.Build.0 = Release|iPhone
		{50F384AB-EB1F-4BA6-AA81-D1CA56B9C918}.Release|Any CPU.Deploy.0 = Release|iPhone
		{50F384AB-EB1F-4BA6-AA81-D1CA56B9C918}.Release|ARM.ActiveCfg = Release|iPhone
		{50F384AB-EB1F-4BA6-AA81-D1CA56B9C918}.Release|ARM.Build.0 = Release|iPhone
		{50F384AB-EB1F-4BA6-AA81-D1CA56B9C918}.Release|ARM.Deploy.0 = Release|iPhone
		{50F384AB-EB1F-4BA6-AA81-D1CA56B9C918}.Release|iPhone.ActiveCfg = Release|iPhone
		{50F384AB-EB1F-4BA6-AA81-D1CA56B9C918}.Release|iPhone.Build.0 = Release|iPhone
		{50F384AB-EB1F-4BA6-AA81-D1CA56B9C918}.Release|iPhone.Deploy.0 = Release|iPhone
		{50F384AB-EB1F-4BA6-AA81-D1CA56B9C918}.Release|iPhoneSimulator.ActiveCfg = Release|iPhoneSimulator
		{50F384AB-EB1F-4BA6-AA81-D1CA56B9C918}.Release|iPhoneSimulator.Build.0 = Release|iPhoneSimulator
		{50F384AB-EB1F-4BA6-AA81-D1CA56B9C918}.Release|iPhoneSimulator.Deploy.0 = Release|iPhoneSimulator
		{50F384AB-EB1F-4BA6-AA81-D1CA56B9C918}.Release|x64.ActiveCfg = Release|iPhone
		{50F384AB-EB1F-4BA6-AA81-D1CA56B9C918}.Release|x64.Build.0 = Release|iPhone
		{50F384AB-EB1F-4BA6-AA81-D1CA56B9C918}.Release|x64.Deploy.0 = Release|iPhone
		{50F384AB-EB1F-4BA6-AA81-D1CA56B9C918}.Release|x86.ActiveCfg = Release|iPhone
		{50F384AB-EB1F-4BA6-AA81-D1CA56B9C918}.Release|x86.Build.0 = Release|iPhone
		{50F384AB-EB1F-4BA6-AA81-D1CA56B9C918}.Release|x86.Deploy.0 = Release|iPhone
		{6239CA70-1F20-42B8-8C0E-F1ED0D4BC8B6}.Ad-Hoc|Any CPU.ActiveCfg = Release|x86
		{6239CA70-1F20-42B8-8C0E-F1ED0D4BC8B6}.Ad-Hoc|Any CPU.Build.0 = Release|x86
		{6239CA70-1F20-42B8-8C0E-F1ED0D4BC8B6}.Ad-Hoc|Any CPU.Deploy.0 = Release|x86
		{6239CA70-1F20-42B8-8C0E-F1ED0D4BC8B6}.Ad-Hoc|ARM.ActiveCfg = Release|ARM
		{6239CA70-1F20-42B8-8C0E-F1ED0D4BC8B6}.Ad-Hoc|ARM.Build.0 = Release|ARM
		{6239CA70-1F20-42B8-8C0E-F1ED0D4BC8B6}.Ad-Hoc|ARM.Deploy.0 = Release|ARM
		{6239CA70-1F20-42B8-8C0E-F1ED0D4BC8B6}.Ad-Hoc|iPhone.ActiveCfg = Release|x86
		{6239CA70-1F20-42B8-8C0E-F1ED0D4BC8B6}.Ad-Hoc|iPhone.Build.0 = Release|x86
		{6239CA70-1F20-42B8-8C0E-F1ED0D4BC8B6}.Ad-Hoc|iPhone.Deploy.0 = Release|x86
		{6239CA70-1F20-42B8-8C0E-F1ED0D4BC8B6}.Ad-Hoc|iPhoneSimulator.ActiveCfg = Release|x86
		{6239CA70-1F20-42B8-8C0E-F1ED0D4BC8B6}.Ad-Hoc|iPhoneSimulator.Build.0 = Release|x86
		{6239CA70-1F20-42B8-8C0E-F1ED0D4BC8B6}.Ad-Hoc|iPhoneSimulator.Deploy.0 = Release|x86
		{6239CA70-1F20-42B8-8C0E-F1ED0D4BC8B6}.Ad-Hoc|x64.ActiveCfg = Release|x64
		{6239CA70-1F20-42B8-8C0E-F1ED0D4BC8B6}.Ad-Hoc|x64.Build.0 = Release|x64
		{6239CA70-1F20-42B8-8C0E-F1ED0D4BC8B6}.Ad-Hoc|x64.Deploy.0 = Release|x64
		{6239CA70-1F20-42B8-8C0E-F1ED0D4BC8B6}.Ad-Hoc|x86.ActiveCfg = Release|x86
		{6239CA70-1F20-42B8-8C0E-F1ED0D4BC8B6}.Ad-Hoc|x86.Build.0 = Release|x86
		{6239CA70-1F20-42B8-8C0E-F1ED0D4BC8B6}.Ad-Hoc|x86.Deploy.0 = Release|x86
		{6239CA70-1F20-42B8-8C0E-F1ED0D4BC8B6}.AppStore|Any CPU.ActiveCfg = Release|x86
		{6239CA70-1F20-42B8-8C0E-F1ED0D4BC8B6}.AppStore|Any CPU.Build.0 = Release|x86
		{6239CA70-1F20-42B8-8C0E-F1ED0D4BC8B6}.AppStore|Any CPU.Deploy.0 = Release|x86
		{6239CA70-1F20-42B8-8C0E-F1ED0D4BC8B6}.AppStore|ARM.ActiveCfg = Release|ARM
		{6239CA70-1F20-42B8-8C0E-F1ED0D4BC8B6}.AppStore|ARM.Build.0 = Release|ARM
		{6239CA70-1F20-42B8-8C0E-F1ED0D4BC8B6}.AppStore|ARM.Deploy.0 = Release|ARM
		{6239CA70-1F20-42B8-8C0E-F1ED0D4BC8B6}.AppStore|iPhone.ActiveCfg = Release|x86
		{6239CA70-1F20-42B8-8C0E-F1ED0D4BC8B6}.AppStore|iPhone.Build.0 = Release|x86
		{6239CA70-1F20-42B8-8C0E-F1ED0D4BC8B6}.AppStore|iPhone.Deploy.0 = Release|x86
		{6239CA70-1F20-42B8-8C0E-F1ED0D4BC8B6}.AppStore|iPhoneSimulator.ActiveCfg = Release|x86
		{6239CA70-1F20-42B8-8C0E-F1ED0D4BC8B6}.AppStore|iPhoneSimulator.Build.0 = Release|x86
		{6239CA70-1F20-42B8-8C0E-F1ED0D4BC8B6}.AppStore|iPhoneSimulator.Deploy.0 = Release|x86
		{6239CA70-1F20-42B8-8C0E-F1ED0D4BC8B6}.AppStore|x64.ActiveCfg = Release|x64
		{6239CA70-1F20-42B8-8C0E-F1ED0D4BC8B6}.AppStore|x64.Build.0 = Release|x64
		{6239CA70-1F20-42B8-8C0E-F1ED0D4BC8B6}.AppStore|x64.Deploy.0 = Release|x64
		{6239CA70-1F20-42B8-8C0E-F1ED0D4BC8B6}.AppStore|x86.ActiveCfg = Release|x86
		{6239CA70-1F20-42B8-8C0E-F1ED0D4BC8B6}.AppStore|x86.Build.0 = Release|x86
		{6239CA70-1F20-42B8-8C0E-F1ED0D4BC8B6}.AppStore|x86.Deploy.0 = Release|x86
		{6239CA70-1F20-42B8-8C0E-F1ED0D4BC8B6}.Debug|Any CPU.ActiveCfg = Debug|x86
		{6239CA70-1F20-42B8-8C0E-F1ED0D4BC8B6}.Debug|Any CPU.Build.0 = Debug|x86
		{6239CA70-1F20-42B8-8C0E-F1ED0D4BC8B6}.Debug|Any CPU.Deploy.0 = Debug|x86
		{6239CA70-1F20-42B8-8C0E-F1ED0D4BC8B6}.Debug|ARM.ActiveCfg = Debug|ARM
		{6239CA70-1F20-42B8-8C0E-F1ED0D4BC8B6}.Debug|ARM.Build.0 = Debug|ARM
		{6239CA70-1F20-42B8-8C0E-F1ED0D4BC8B6}.Debug|ARM.Deploy.0 = Debug|ARM
		{6239CA70-1F20-42B8-8C0E-F1ED0D4BC8B6}.Debug|iPhone.ActiveCfg = Debug|x86
		{6239CA70-1F20-42B8-8C0E-F1ED0D4BC8B6}.Debug|iPhone.Build.0 = Debug|x86
		{6239CA70-1F20-42B8-8C0E-F1ED0D4BC8B6}.Debug|iPhone.Deploy.0 = Debug|x86
		{6239CA70-1F20-42B8-8C0E-F1ED0D4BC8B6}.Debug|iPhoneSimulator.ActiveCfg = Debug|x86
		{6239CA70-1F20-42B8-8C0E-F1ED0D4BC8B6}.Debug|iPhoneSimulator.Build.0 = Debug|x86
		{6239CA70-1F20-42B8-8C0E-F1ED0D4BC8B6}.Debug|iPhoneSimulator.Deploy.0 = Debug|x86
		{6239CA70-1F20-42B8-8C0E-F1ED0D4BC8B6}.Debug|x64.ActiveCfg = Debug|x64
		{6239CA70-1F20-42B8-8C0E-F1ED0D4BC8B6}.Debug|x64.Build.0 = Debug|x64
		{6239CA70-1F20-42B8-8C0E-F1ED0D4BC8B6}.Debug|x64.Deploy.0 = Debug|x64
		{6239CA70-1F20-42B8-8C0E-F1ED0D4BC8B6}.Debug|x86.ActiveCfg = Debug|x86
		{6239CA70-1F20-42B8-8C0E-F1ED0D4BC8B6}.Debug|x86.Build.0 = Debug|x86
		{6239CA70-1F20-42B8-8C0E-F1ED0D4BC8B6}.Debug|x86.Deploy.0 = Debug|x86
		{6239CA70-1F20-42B8-8C0E-F1ED0D4BC8B6}.Release|Any CPU.ActiveCfg = Release|x86
		{6239CA70-1F20-42B8-8C0E-F1ED0D4BC8B6}.Release|Any CPU.Build.0 = Release|x86
		{6239CA70-1F20-42B8-8C0E-F1ED0D4BC8B6}.Release|Any CPU.Deploy.0 = Release|x86
		{6239CA70-1F20-42B8-8C0E-F1ED0D4BC8B6}.Release|ARM.ActiveCfg = Release|ARM
		{6239CA70-1F20-42B8-8C0E-F1ED0D4BC8B6}.Release|ARM.Build.0 = Release|ARM
		{6239CA70-1F20-42B8-8C0E-F1ED0D4BC8B6}.Release|ARM.Deploy.0 = Release|ARM
		{6239CA70-1F20-42B8-8C0E-F1ED0D4BC8B6}.Release|iPhone.ActiveCfg = Release|x86
		{6239CA70-1F20-42B8-8C0E-F1ED0D4BC8B6}.Release|iPhone.Build.0 = Release|x86
		{6239CA70-1F20-42B8-8C0E-F1ED0D4BC8B6}.Release|iPhone.Deploy.0 = Release|x86
		{6239CA70-1F20-42B8-8C0E-F1ED0D4BC8B6}.Release|iPhoneSimulator.ActiveCfg = Release|x86
		{6239CA70-1F20-42B8-8C0E-F1ED0D4BC8B6}.Release|iPhoneSimulator.Build.0 = Release|x86
		{6239CA70-1F20-42B8-8C0E-F1ED0D4BC8B6}.Release|iPhoneSimulator.Deploy.0 = Release|x86
		{6239CA70-1F20-42B8-8C0E-F1ED0D4BC8B6}.Release|x64.ActiveCfg = Release|x64
		{6239CA70-1F20-42B8-8C0E-F1ED0D4BC8B6}.Release|x64.Build.0 = Release|x64
		{6239CA70-1F20-42B8-8C0E-F1ED0D4BC8B6}.Release|x64.Deploy.0 = Release|x64
		{6239CA70-1F20-42B8-8C0E-F1ED0D4BC8B6}.Release|x86.ActiveCfg = Release|x86
		{6239CA70-1F20-42B8-8C0E-F1ED0D4BC8B6}.Release|x86.Build.0 = Release|x86
		{6239CA70-1F20-42B8-8C0E-F1ED0D4BC8B6}.Release|x86.Deploy.0 = Release|x86
		{A7595520-03EC-494C-881E-6D3E6AF22A62}.Ad-Hoc|Any CPU.ActiveCfg = Debug|Any CPU
		{A7595520-03EC-494C-881E-6D3E6AF22A62}.Ad-Hoc|Any CPU.Build.0 = Debug|Any CPU
		{A7595520-03EC-494C-881E-6D3E6AF22A62}.Ad-Hoc|Any CPU.Deploy.0 = Debug|Any CPU
		{A7595520-03EC-494C-881E-6D3E6AF22A62}.Ad-Hoc|ARM.ActiveCfg = Debug|Any CPU
		{A7595520-03EC-494C-881E-6D3E6AF22A62}.Ad-Hoc|ARM.Build.0 = Debug|Any CPU
		{A7595520-03EC-494C-881E-6D3E6AF22A62}.Ad-Hoc|ARM.Deploy.0 = Debug|Any CPU
		{A7595520-03EC-494C-881E-6D3E6AF22A62}.Ad-Hoc|iPhone.ActiveCfg = Debug|Any CPU
		{A7595520-03EC-494C-881E-6D3E6AF22A62}.Ad-Hoc|iPhone.Build.0 = Debug|Any CPU
		{A7595520-03EC-494C-881E-6D3E6AF22A62}.Ad-Hoc|iPhone.Deploy.0 = Debug|Any CPU
		{A7595520-03EC-494C-881E-6D3E6AF22A62}.Ad-Hoc|iPhoneSimulator.ActiveCfg = Debug|Any CPU
		{A7595520-03EC-494C-881E-6D3E6AF22A62}.Ad-Hoc|iPhoneSimulator.Build.0 = Debug|Any CPU
		{A7595520-03EC-494C-881E-6D3E6AF22A62}.Ad-Hoc|iPhoneSimulator.Deploy.0 = Debug|Any CPU
		{A7595520-03EC-494C-881E-6D3E6AF22A62}.Ad-Hoc|x64.ActiveCfg = Debug|Any CPU
		{A7595520-03EC-494C-881E-6D3E6AF22A62}.Ad-Hoc|x64.Build.0 = Debug|Any CPU
		{A7595520-03EC-494C-881E-6D3E6AF22A62}.Ad-Hoc|x64.Deploy.0 = Debug|Any CPU
		{A7595520-03EC-494C-881E-6D3E6AF22A62}.Ad-Hoc|x86.ActiveCfg = Debug|Any CPU
		{A7595520-03EC-494C-881E-6D3E6AF22A62}.Ad-Hoc|x86.Build.0 = Debug|Any CPU
		{A7595520-03EC-494C-881E-6D3E6AF22A62}.Ad-Hoc|x86.Deploy.0 = Debug|Any CPU
		{A7595520-03EC-494C-881E-6D3E6AF22A62}.AppStore|Any CPU.ActiveCfg = Debug|Any CPU
		{A7595520-03EC-494C-881E-6D3E6AF22A62}.AppStore|Any CPU.Build.0 = Debug|Any CPU
		{A7595520-03EC-494C-881E-6D3E6AF22A62}.AppStore|Any CPU.Deploy.0 = Debug|Any CPU
		{A7595520-03EC-494C-881E-6D3E6AF22A62}.AppStore|ARM.ActiveCfg = Debug|Any CPU
		{A7595520-03EC-494C-881E-6D3E6AF22A62}.AppStore|ARM.Build.0 = Debug|Any CPU
		{A7595520-03EC-494C-881E-6D3E6AF22A62}.AppStore|ARM.Deploy.0 = Debug|Any CPU
		{A7595520-03EC-494C-881E-6D3E6AF22A62}.AppStore|iPhone.ActiveCfg = Debug|Any CPU
		{A7595520-03EC-494C-881E-6D3E6AF22A62}.AppStore|iPhone.Build.0 = Debug|Any CPU
		{A7595520-03EC-494C-881E-6D3E6AF22A62}.AppStore|iPhone.Deploy.0 = Debug|Any CPU
		{A7595520-03EC-494C-881E-6D3E6AF22A62}.AppStore|iPhoneSimulator.ActiveCfg = Debug|Any CPU
		{A7595520-03EC-494C-881E-6D3E6AF22A62}.AppStore|iPhoneSimulator.Build.0 = Debug|Any CPU
		{A7595520-03EC-494C-881E-6D3E6AF22A62}.AppStore|iPhoneSimulator.Deploy.0 = Debug|Any CPU
		{A7595520-03EC-494C-881E-6D3E6AF22A62}.AppStore|x64.ActiveCfg = Debug|Any CPU
		{A7595520-03EC-494C-881E-6D3E6AF22A62}.AppStore|x64.Build.0 = Debug|Any CPU
		{A7595520-03EC-494C-881E-6D3E6AF22A62}.AppStore|x64.Deploy.0 = Debug|Any CPU
		{A7595520-03EC-494C-881E-6D3E6AF22A62}.AppStore|x86.ActiveCfg = Debug|Any CPU
		{A7595520-03EC-494C-881E-6D3E6AF22A62}.AppStore|x86.Build.0 = Debug|Any CPU
		{A7595520-03EC-494C-881E-6D3E6AF22A62}.AppStore|x86.Deploy.0 = Debug|Any CPU
		{A7595520-03EC-494C-881E-6D3E6AF22A62}.Debug|Any CPU.ActiveCfg = Debug|Any CPU
		{A7595520-03EC-494C-881E-6D3E6AF22A62}.Debug|Any CPU.Build.0 = Debug|Any CPU
		{A7595520-03EC-494C-881E-6D3E6AF22A62}.Debug|Any CPU.Deploy.0 = Debug|Any CPU
		{A7595520-03EC-494C-881E-6D3E6AF22A62}.Debug|ARM.ActiveCfg = Debug|Any CPU
		{A7595520-03EC-494C-881E-6D3E6AF22A62}.Debug|ARM.Build.0 = Debug|Any CPU
		{A7595520-03EC-494C-881E-6D3E6AF22A62}.Debug|ARM.Deploy.0 = Debug|Any CPU
		{A7595520-03EC-494C-881E-6D3E6AF22A62}.Debug|iPhone.ActiveCfg = Debug|Any CPU
		{A7595520-03EC-494C-881E-6D3E6AF22A62}.Debug|iPhone.Build.0 = Debug|Any CPU
		{A7595520-03EC-494C-881E-6D3E6AF22A62}.Debug|iPhone.Deploy.0 = Debug|Any CPU
		{A7595520-03EC-494C-881E-6D3E6AF22A62}.Debug|iPhoneSimulator.ActiveCfg = Debug|Any CPU
		{A7595520-03EC-494C-881E-6D3E6AF22A62}.Debug|iPhoneSimulator.Build.0 = Debug|Any CPU
		{A7595520-03EC-494C-881E-6D3E6AF22A62}.Debug|iPhoneSimulator.Deploy.0 = Debug|Any CPU
		{A7595520-03EC-494C-881E-6D3E6AF22A62}.Debug|x64.ActiveCfg = Debug|Any CPU
		{A7595520-03EC-494C-881E-6D3E6AF22A62}.Debug|x64.Build.0 = Debug|Any CPU
		{A7595520-03EC-494C-881E-6D3E6AF22A62}.Debug|x64.Deploy.0 = Debug|Any CPU
		{A7595520-03EC-494C-881E-6D3E6AF22A62}.Debug|x86.ActiveCfg = Debug|Any CPU
		{A7595520-03EC-494C-881E-6D3E6AF22A62}.Debug|x86.Build.0 = Debug|Any CPU
		{A7595520-03EC-494C-881E-6D3E6AF22A62}.Debug|x86.Deploy.0 = Debug|Any CPU
		{A7595520-03EC-494C-881E-6D3E6AF22A62}.Release|Any CPU.ActiveCfg = Release|Any CPU
		{A7595520-03EC-494C-881E-6D3E6AF22A62}.Release|Any CPU.Build.0 = Release|Any CPU
		{A7595520-03EC-494C-881E-6D3E6AF22A62}.Release|Any CPU.Deploy.0 = Release|Any CPU
		{A7595520-03EC-494C-881E-6D3E6AF22A62}.Release|ARM.ActiveCfg = Release|Any CPU
		{A7595520-03EC-494C-881E-6D3E6AF22A62}.Release|ARM.Build.0 = Release|Any CPU
		{A7595520-03EC-494C-881E-6D3E6AF22A62}.Release|ARM.Deploy.0 = Release|Any CPU
		{A7595520-03EC-494C-881E-6D3E6AF22A62}.Release|iPhone.ActiveCfg = Release|Any CPU
		{A7595520-03EC-494C-881E-6D3E6AF22A62}.Release|iPhone.Build.0 = Release|Any CPU
		{A7595520-03EC-494C-881E-6D3E6AF22A62}.Release|iPhone.Deploy.0 = Release|Any CPU
		{A7595520-03EC-494C-881E-6D3E6AF22A62}.Release|iPhoneSimulator.ActiveCfg = Release|Any CPU
		{A7595520-03EC-494C-881E-6D3E6AF22A62}.Release|iPhoneSimulator.Build.0 = Release|Any CPU
		{A7595520-03EC-494C-881E-6D3E6AF22A62}.Release|iPhoneSimulator.Deploy.0 = Release|Any CPU
		{A7595520-03EC-494C-881E-6D3E6AF22A62}.Release|x64.ActiveCfg = Release|Any CPU
		{A7595520-03EC-494C-881E-6D3E6AF22A62}.Release|x64.Build.0 = Release|Any CPU
		{A7595520-03EC-494C-881E-6D3E6AF22A62}.Release|x64.Deploy.0 = Release|Any CPU
		{A7595520-03EC-494C-881E-6D3E6AF22A62}.Release|x86.ActiveCfg = Release|Any CPU
		{A7595520-03EC-494C-881E-6D3E6AF22A62}.Release|x86.Build.0 = Release|Any CPU
		{A7595520-03EC-494C-881E-6D3E6AF22A62}.Release|x86.Deploy.0 = Release|Any CPU
	EndGlobalSection
	GlobalSection(SolutionProperties) = preSolution
		HideSolutionNode = FALSE
	EndGlobalSection
	GlobalSection(ExtensibilityGlobals) = postSolution
		SolutionGuid = {00ECD7E5-2F52-4EF3-B748-28685118FE3B}
	EndGlobalSection
EndGlobal
